// !$*UTF8*$!
{
	archiveVersion = 1;
	classes = {
	};
	objectVersion = 46;
	objects = {

/* Begin PBXBuildFile section */
		02BF232B18F19813002366B5 /* Foundation.framework in Frameworks */ = {isa = PBXBuildFile; fileRef = 02BF232A18F19813002366B5 /* Foundation.framework */; };
		02BF232D18F19813002366B5 /* CoreGraphics.framework in Frameworks */ = {isa = PBXBuildFile; fileRef = 02BF232C18F19813002366B5 /* CoreGraphics.framework */; };
		02BF232F18F19813002366B5 /* UIKit.framework in Frameworks */ = {isa = PBXBuildFile; fileRef = 02BF232E18F19813002366B5 /* UIKit.framework */; };
		02BF233518F19813002366B5 /* InfoPlist.strings in Resources */ = {isa = PBXBuildFile; fileRef = 02BF233318F19813002366B5 /* InfoPlist.strings */; };
		02BF233718F19813002366B5 /* main.m in Sources */ = {isa = PBXBuildFile; fileRef = 02BF233618F19813002366B5 /* main.m */; };
		02BF233B18F19813002366B5 /* CZLAppDelegate.m in Sources */ = {isa = PBXBuildFile; fileRef = 02BF233A18F19813002366B5 /* CZLAppDelegate.m */; };
		02BF233D18F19813002366B5 /* Images.xcassets in Resources */ = {isa = PBXBuildFile; fileRef = 02BF233C18F19813002366B5 /* Images.xcassets */; };
		02BF234418F19813002366B5 /* XCTest.framework in Frameworks */ = {isa = PBXBuildFile; fileRef = 02BF234318F19813002366B5 /* XCTest.framework */; };
		02BF234518F19813002366B5 /* Foundation.framework in Frameworks */ = {isa = PBXBuildFile; fileRef = 02BF232A18F19813002366B5 /* Foundation.framework */; };
		02BF234618F19813002366B5 /* UIKit.framework in Frameworks */ = {isa = PBXBuildFile; fileRef = 02BF232E18F19813002366B5 /* UIKit.framework */; };
		02BF234E18F19813002366B5 /* InfoPlist.strings in Resources */ = {isa = PBXBuildFile; fileRef = 02BF234C18F19813002366B5 /* InfoPlist.strings */; };
		02BF235018F19813002366B5 /* PlayMusicTests.m in Sources */ = {isa = PBXBuildFile; fileRef = 02BF234F18F19813002366B5 /* PlayMusicTests.m */; };
/* End PBXBuildFile section */

/* Begin PBXContainerItemProxy section */
		02BF234718F19813002366B5 /* PBXContainerItemProxy */ = {
			isa = PBXContainerItemProxy;
			containerPortal = 02BF231F18F19813002366B5 /* Project object */;
			proxyType = 1;
			remoteGlobalIDString = 02BF232618F19813002366B5;
			remoteInfo = PlayMusic;
		};
/* End PBXContainerItemProxy section */

/* Begin PBXFileReference section */
		02BF232718F19813002366B5 /* PlayMusic.app */ = {isa = PBXFileReference; explicitFileType = wrapper.application; includeInIndex = 0; path = PlayMusic.app; sourceTree = BUILT_PRODUCTS_DIR; };
		02BF232A18F19813002366B5 /* Foundation.framework */ = {isa = PBXFileReference; lastKnownFileType = wrapper.framework; name = Foundation.framework; path = System/Library/Frameworks/Foundation.framework; sourceTree = SDKROOT; };
		02BF232C18F19813002366B5 /* CoreGraphics.framework */ = {isa = PBXFileReference; lastKnownFileType = wrapper.framework; name = CoreGraphics.framework; path = System/Library/Frameworks/CoreGraphics.framework; sourceTree = SDKROOT; };
		02BF232E18F19813002366B5 /* UIKit.framework */ = {isa = PBXFileReference; lastKnownFileType = wrapper.framework; name = UIKit.framework; path = System/Library/Frameworks/UIKit.framework; sourceTree = SDKROOT; };
		02BF233218F19813002366B5 /* PlayMusic-Info.plist */ = {isa = PBXFileReference; lastKnownFileType = text.plist.xml; path = "PlayMusic-Info.plist"; sourceTree = "<group>"; };
		02BF233418F19813002366B5 /* en */ = {isa = PBXFileReference; lastKnownFileType = text.plist.strings; name = en; path = en.lproj/InfoPlist.strings; sourceTree = "<group>"; };
		02BF233618F19813002366B5 /* main.m */ = {isa = PBXFileReference; lastKnownFileType = sourcecode.c.objc; path = main.m; sourceTree = "<group>"; };
		02BF233818F19813002366B5 /* PlayMusic-Prefix.pch */ = {isa = PBXFileReference; lastKnownFileType = sourcecode.c.h; path = "PlayMusic-Prefix.pch"; sourceTree = "<group>"; };
		02BF233918F19813002366B5 /* CZLAppDelegate.h */ = {isa = PBXFileReference; lastKnownFileType = sourcecode.c.h; path = CZLAppDelegate.h; sourceTree = "<group>"; };
		02BF233A18F19813002366B5 /* CZLAppDelegate.m */ = {isa = PBXFileReference; lastKnownFileType = sourcecode.c.objc; path = CZLAppDelegate.m; sourceTree = "<group>"; };
		02BF233C18F19813002366B5 /* Images.xcassets */ = {isa = PBXFileReference; lastKnownFileType = folder.assetcatalog; path = Images.xcassets; sourceTree = "<group>"; };
		02BF234218F19813002366B5 /* PlayMusicTests.xctest */ = {isa = PBXFileReference; explicitFileType = wrapper.cfbundle; includeInIndex = 0; path = PlayMusicTests.xctest; sourceTree = BUILT_PRODUCTS_DIR; };
		02BF234318F19813002366B5 /* XCTest.framework */ = {isa = PBXFileReference; lastKnownFileType = wrapper.framework; name = XCTest.framework; path = Library/Frameworks/XCTest.framework; sourceTree = DEVELOPER_DIR; };
		02BF234B18F19813002366B5 /* PlayMusicTests-Info.plist */ = {isa = PBXFileReference; lastKnownFileType = text.plist.xml; path = "PlayMusicTests-Info.plist"; sourceTree = "<group>"; };
		02BF234D18F19813002366B5 /* en */ = {isa = PBXFileReference; lastKnownFileType = text.plist.strings; name = en; path = en.lproj/InfoPlist.strings; sourceTree = "<group>"; };
		02BF234F18F19813002366B5 /* PlayMusicTests.m */ = {isa = PBXFileReference; lastKnownFileType = sourcecode.c.objc; path = PlayMusicTests.m; sourceTree = "<group>"; };
/* End PBXFileReference section */

/* Begin PBXFrameworksBuildPhase section */
		02BF232418F19813002366B5 /* Frameworks */ = {
			isa = PBXFrameworksBuildPhase;
			buildActionMask = 2147483647;
			files = (
				02BF232D18F19813002366B5 /* CoreGraphics.framework in Frameworks */,
				02BF232F18F19813002366B5 /* UIKit.framework in Frameworks */,
				02BF232B18F19813002366B5 /* Foundation.framework in Frameworks */,
			);
			runOnlyForDeploymentPostprocessing = 0;
		};
		02BF233F18F19813002366B5 /* Frameworks */ = {
			isa = PBXFrameworksBuildPhase;
			buildActionMask = 2147483647;
			files = (
				02BF234418F19813002366B5 /* XCTest.framework in Frameworks */,
				02BF234618F19813002366B5 /* UIKit.framework in Frameworks */,
				02BF234518F19813002366B5 /* Foundation.framework in Frameworks */,
			);
			runOnlyForDeploymentPostprocessing = 0;
		};
/* End PBXFrameworksBuildPhase section */

/* Begin PBXGroup section */
		02BF231E18F19813002366B5 = {
			isa = PBXGroup;
			children = (
				02BF233018F19813002366B5 /* PlayMusic */,
				02BF234918F19813002366B5 /* PlayMusicTests */,
				02BF232918F19813002366B5 /* Frameworks */,
				02BF232818F19813002366B5 /* Products */,
			);
			sourceTree = "<group>";
		};
		02BF232818F19813002366B5 /* Products */ = {
			isa = PBXGroup;
			children = (
				02BF232718F19813002366B5 /* PlayMusic.app */,
				02BF234218F19813002366B5 /* PlayMusicTests.xctest */,
			);
			name = Products;
			sourceTree = "<group>";
		};
		02BF232918F19813002366B5 /* Frameworks */ = {
			isa = PBXGroup;
			children = (
				02BF232A18F19813002366B5 /* Foundation.framework */,
				02BF232C18F19813002366B5 /* CoreGraphics.framework */,
				02BF232E18F19813002366B5 /* UIKit.framework */,
				02BF234318F19813002366B5 /* XCTest.framework */,
			);
			name = Frameworks;
			sourceTree = "<group>";
		};
		02BF233018F19813002366B5 /* PlayMusic */ = {
			isa = PBXGroup;
			children = (
				02BF233918F19813002366B5 /* CZLAppDelegate.h */,
				02BF233A18F19813002366B5 /* CZLAppDelegate.m */,
				02BF233C18F19813002366B5 /* Images.xcassets */,
				02BF233118F19813002366B5 /* Supporting Files */,
			);
			path = PlayMusic;
			sourceTree = "<group>";
		};
		02BF233118F19813002366B5 /* Supporting Files */ = {
			isa = PBXGroup;
			children = (
				02BF233218F19813002366B5 /* PlayMusic-Info.plist */,
				02BF233318F19813002366B5 /* InfoPlist.strings */,
				02BF233618F19813002366B5 /* main.m */,
				02BF233818F19813002366B5 /* PlayMusic-Prefix.pch */,
			);
			name = "Supporting Files";
			sourceTree = "<group>";
		};
		02BF234918F19813002366B5 /* PlayMusicTests */ = {
			isa = PBXGroup;
			children = (
				02BF234F18F19813002366B5 /* PlayMusicTests.m */,
				02BF234A18F19813002366B5 /* Supporting Files */,
			);
			path = PlayMusicTests;
			sourceTree = "<group>";
		};
		02BF234A18F19813002366B5 /* Supporting Files */ = {
			isa = PBXGroup;
			children = (
				02BF234B18F19813002366B5 /* PlayMusicTests-Info.plist */,
				02BF234C18F19813002366B5 /* InfoPlist.strings */,
			);
			name = "Supporting Files";
			sourceTree = "<group>";
		};
/* End PBXGroup section */

/* Begin PBXNativeTarget section */
		02BF232618F19813002366B5 /* PlayMusic */ = {
			isa = PBXNativeTarget;
			buildConfigurationList = 02BF235318F19813002366B5 /* Build configuration list for PBXNativeTarget "PlayMusic" */;
			buildPhases = (
				02BF232318F19813002366B5 /* Sources */,
				02BF232418F19813002366B5 /* Frameworks */,
				02BF232518F19813002366B5 /* Resources */,
			);
			buildRules = (
			);
			dependencies = (
			);
			name = PlayMusic;
			productName = PlayMusic;
			productReference = 02BF232718F19813002366B5 /* PlayMusic.app */;
			productType = "com.apple.product-type.application";
		};
		02BF234118F19813002366B5 /* PlayMusicTests */ = {
			isa = PBXNativeTarget;
			buildConfigurationList = 02BF235618F19813002366B5 /* Build configuration list for PBXNativeTarget "PlayMusicTests" */;
			buildPhases = (
				02BF233E18F19813002366B5 /* Sources */,
				02BF233F18F19813002366B5 /* Frameworks */,
				02BF234018F19813002366B5 /* Resources */,
			);
			buildRules = (
			);
			dependencies = (
				02BF234818F19813002366B5 /* PBXTargetDependency */,
			);
			name = PlayMusicTests;
			productName = PlayMusicTests;
			productReference = 02BF234218F19813002366B5 /* PlayMusicTests.xctest */;
			productType = "com.apple.product-type.bundle.unit-test";
		};
/* End PBXNativeTarget section */

/* Begin PBXProject section */
		02BF231F18F19813002366B5 /* Project object */ = {
			isa = PBXProject;
			attributes = {
				CLASSPREFIX = CZL;
				LastUpgradeCheck = 0510;
				ORGANIZATIONNAME = czl;
				TargetAttributes = {
					02BF234118F19813002366B5 = {
						TestTargetID = 02BF232618F19813002366B5;
					};
				};
			};
			buildConfigurationList = 02BF232218F19813002366B5 /* Build configuration list for PBXProject "PlayMusic" */;
			compatibilityVersion = "Xcode 3.2";
			developmentRegion = English;
			hasScannedForEncodings = 0;
			knownRegions = (
				en,
			);
			mainGroup = 02BF231E18F19813002366B5;
			productRefGroup = 02BF232818F19813002366B5 /* Products */;
			projectDirPath = "";
			projectRoot = "";
			targets = (
				02BF232618F19813002366B5 /* PlayMusic */,
				02BF234118F19813002366B5 /* PlayMusicTests */,
			);
		};
/* End PBXProject section */

/* Begin PBXResourcesBuildPhase section */
		02BF232518F19813002366B5 /* Resources */ = {
			isa = PBXResourcesBuildPhase;
			buildActionMask = 2147483647;
			files = (
				02BF233518F19813002366B5 /* InfoPlist.strings in Resources */,
				02BF233D18F19813002366B5 /* Images.xcassets in Resources */,
			);
			runOnlyForDeploymentPostprocessing = 0;
		};
		02BF234018F19813002366B5 /* Resources */ = {
			isa = PBXResourcesBuildPhase;
			buildActionMask = 2147483647;
			files = (
				02BF234E18F19813002366B5 /* InfoPlist.strings in Resources */,
			);
			runOnlyForDeploymentPostprocessing = 0;
		};
/* End PBXResourcesBuildPhase section */

/* Begin PBXSourcesBuildPhase section */
		02BF232318F19813002366B5 /* Sources */ = {
			isa = PBXSourcesBuildPhase;
			buildActionMask = 2147483647;
			files = (
				02BF233B18F19813002366B5 /* CZLAppDelegate.m in Sources */,
				02BF233718F19813002366B5 /* main.m in Sources */,
			);
			runOnlyForDeploymentPostprocessing = 0;
		};
		02BF233E18F19813002366B5 /* Sources */ = {
			isa = PBXSourcesBuildPhase;
			buildActionMask = 2147483647;
			files = (
				02BF235018F19813002366B5 /* PlayMusicTests.m in Sources */,
			);
			runOnlyForDeploymentPostprocessing = 0;
		};
/* End PBXSourcesBuildPhase section */

/* Begin PBXTargetDependency section */
		02BF234818F19813002366B5 /* PBXTargetDependency */ = {
			isa = PBXTargetDependency;
			target = 02BF232618F19813002366B5 /* PlayMusic */;
			targetProxy = 02BF234718F19813002366B5 /* PBXContainerItemProxy */;
		};
/* End PBXTargetDependency section */

/* Begin PBXVariantGroup section */
		02BF233318F19813002366B5 /* InfoPlist.strings */ = {
			isa = PBXVariantGroup;
			children = (
				02BF233418F19813002366B5 /* en */,
			);
			name = InfoPlist.strings;
			sourceTree = "<group>";
		};
		02BF234C18F19813002366B5 /* InfoPlist.strings */ = {
			isa = PBXVariantGroup;
			children = (
				02BF234D18F19813002366B5 /* en */,
			);
			name = InfoPlist.strings;
			sourceTree = "<group>";
		};
/* End PBXVariantGroup section */

/* Begin XCBuildConfiguration section */
		02BF235118F19813002366B5 /* Debug */ = {
			isa = XCBuildConfiguration;
			buildSettings = {
				ALWAYS_SEARCH_USER_PATHS = NO;
				CLANG_CXX_LANGUAGE_STANDARD = "gnu++0x";
				CLANG_CXX_LIBRARY = "libc++";
				CLANG_ENABLE_MODULES = YES;
				CLANG_ENABLE_OBJC_ARC = YES;
				CLANG_WARN_BOOL_CONVERSION = YES;
				CLANG_WARN_CONSTANT_CONVERSION = YES;
				CLANG_WARN_DIRECT_OBJC_ISA_USAGE = YES_ERROR;
				CLANG_WARN_EMPTY_BODY = YES;
				CLANG_WARN_ENUM_CONVERSION = YES;
				CLANG_WARN_INT_CONVERSION = YES;
				CLANG_WARN_OBJC_ROOT_CLASS = YES_ERROR;
				CLANG_WARN__DUPLICATE_METHOD_MATCH = YES;
				"CODE_SIGN_IDENTITY[sdk=iphoneos*]" = "iPhone Developer";
				COPY_PHASE_STRIP = NO;
				GCC_C_LANGUAGE_STANDARD = gnu99;
				GCC_DYNAMIC_NO_PIC = NO;
				GCC_OPTIMIZATION_LEVEL = 0;
				GCC_PREPROCESSOR_DEFINITIONS = (
					"DEBUG=1",
					"$(inherited)",
				);
				GCC_SYMBOLS_PRIVATE_EXTERN = NO;
				GCC_WARN_64_TO_32_BIT_CONVERSION = YES;
				GCC_WARN_ABOUT_RETURN_TYPE = YES_ERROR;
				GCC_WARN_UNDECLARED_SELECTOR = YES;
				GCC_WARN_UNINITIALIZED_AUTOS = YES_AGGRESSIVE;
				GCC_WARN_UNUSED_FUNCTION = YES;
				GCC_WARN_UNUSED_VARIABLE = YES;
				IPHONEOS_DEPLOYMENT_TARGET = 7.1;
				ONLY_ACTIVE_ARCH = YES;
				SDKROOT = iphoneos;
			};
			name = Debug;
		};
		02BF235218F19813002366B5 /* Release */ = {
			isa = XCBuildConfiguration;
			buildSettings = {
				ALWAYS_SEARCH_USER_PATHS = NO;
				CLANG_CXX_LANGUAGE_STANDARD = "gnu++0x";
				CLANG_CXX_LIBRARY = "libc++";
				CLANG_ENABLE_MODULES = YES;
				CLANG_ENABLE_OBJC_ARC = YES;
				CLANG_WARN_BOOL_CONVERSION = YES;
				CLANG_WARN_CONSTANT_CONVERSION = YES;
				CLANG_WARN_DIRECT_OBJC_ISA_USAGE = YES_ERROR;
				CLANG_WARN_EMPTY_BODY = YES;
				CLANG_WARN_ENUM_CONVERSION = YES;
				CLANG_WARN_INT_CONVERSION = YES;
				CLANG_WARN_OBJC_ROOT_CLASS = YES_ERROR;
				CLANG_WARN__DUPLICATE_METHOD_MATCH = YES;
				"CODE_SIGN_IDENTITY[sdk=iphoneos*]" = "iPhone Developer";
				COPY_PHASE_STRIP = YES;
				ENABLE_NS_ASSERTIONS = NO;
				GCC_C_LANGUAGE_STANDARD = gnu99;
				GCC_WARN_64_TO_32_BIT_CONVERSION = YES;
				GCC_WARN_ABOUT_RETURN_TYPE = YES_ERROR;
				GCC_WARN_UNDECLARED_SELECTOR = YES;
				GCC_WARN_UNINITIALIZED_AUTOS = YES_AGGRESSIVE;
				GCC_WARN_UNUSED_FUNCTION = YES;
				GCC_WARN_UNUSED_VARIABLE = YES;
				IPHONEOS_DEPLOYMENT_TARGET = 7.1;
				SDKROOT = iphoneos;
				VALIDATE_PRODUCT = YES;
			};
			name = Release;
		};
		02BF235418F19813002366B5 /* Debug */ = {
			isa = XCBuildConfiguration;
			buildSettings = {
				ASSETCATALOG_COMPILER_APPICON_NAME = AppIcon;
				ASSETCATALOG_COMPILER_LAUNCHIMAGE_NAME = LaunchImage;
				GCC_PRECOMPILE_PREFIX_HEADER = YES;
				GCC_PREFIX_HEADER = "PlayMusic/PlayMusic-Prefix.pch";
				INFOPLIST_FILE = "PlayMusic/PlayMusic-Info.plist";
				PRODUCT_NAME = "$(TARGET_NAME)";
				WRAPPER_EXTENSION = app;
			};
			name = Debug;
		};
		02BF235518F19813002366B5 /* Release */ = {
			isa = XCBuildConfiguration;
			buildSettings = {
				ASSETCATALOG_COMPILER_APPICON_NAME = AppIcon;
				ASSETCATALOG_COMPILER_LAUNCHIMAGE_NAME = LaunchImage;
				GCC_PRECOMPILE_PREFIX_HEADER = YES;
				GCC_PREFIX_HEADER = "PlayMusic/PlayMusic-Prefix.pch";
				INFOPLIST_FILE = "PlayMusic/PlayMusic-Info.plist";
				PRODUCT_NAME = "$(TARGET_NAME)";
				WRAPPER_EXTENSION = app;
			};
			name = Release;
		};
		02BF235718F19813002366B5 /* Debug */ = {
			isa = XCBuildConfiguration;
			buildSettings = {
				BUNDLE_LOADER = "$(BUILT_PRODUCTS_DIR)/PlayMusic.app/PlayMusic";
				FRAMEWORK_SEARCH_PATHS = (
					"$(SDKROOT)/Developer/Library/Frameworks",
					"$(inherited)",
					"$(DEVELOPER_FRAMEWORKS_DIR)",
				);
				GCC_PRECOMPILE_PREFIX_HEADER = YES;
				GCC_PREFIX_HEADER = "PlayMusic/PlayMusic-Prefix.pch";
				GCC_PREPROCESSOR_DEFINITIONS = (
					"DEBUG=1",
					"$(inherited)",
				);
				INFOPLIST_FILE = "PlayMusicTests/PlayMusicTests-Info.plist";
				PRODUCT_NAME = "$(TARGET_NAME)";
				TEST_HOST = "$(BUNDLE_LOADER)";
				WRAPPER_EXTENSION = xctest;
			};
			name = Debug;
		};
		02BF235818F19813002366B5 /* Release */ = {
			isa = XCBuildConfiguration;
			buildSettings = {
				BUNDLE_LOADER = "$(BUILT_PRODUCTS_DIR)/PlayMusic.app/PlayMusic";
				FRAMEWORK_SEARCH_PATHS = (
					"$(SDKROOT)/Developer/Library/Frameworks",
					"$(inherited)",
					"$(DEVELOPER_FRAMEWORKS_DIR)",
				);
				GCC_PRECOMPILE_PREFIX_HEADER = YES;
				GCC_PREFIX_HEADER = "PlayMusic/PlayMusic-Prefix.pch";
				INFOPLIST_FILE = "PlayMusicTests/PlayMusicTests-Info.plist";
				PRODUCT_NAME = "$(TARGET_NAME)";
				TEST_HOST = "$(BUNDLE_LOADER)";
				WRAPPER_EXTENSION = xctest;
			};
			name = Release;
		};
/* End XCBuildConfiguration section */

/* Begin XCConfigurationList section */
		02BF232218F19813002366B5 /* Build configuration list for PBXProject "PlayMusic" */ = {
			isa = XCConfigurationList;
			buildConfigurations = (
				02BF235118F19813002366B5 /* Debug */,
				02BF235218F19813002366B5 /* Release */,
			);
			defaultConfigurationIsVisible = 0;
			defaultConfigurationName = Release;
		};
		02BF235318F19813002366B5 /* Build configuration list for PBXNativeTarget "PlayMusic" */ = {
			isa = XCConfigurationList;
			buildConfigurations = (
				02BF235418F19813002366B5 /* Debug */,
				02BF235518F19813002366B5 /* Release */,
			);
			defaultConfigurationIsVisible = 0;
		};
		02BF235618F19813002366B5 /* Build configuration list for PBXNativeTarget "PlayMusicTests" */ = {
			isa = XCConfigurationList;
			buildConfigurations = (
				02BF235718F19813002366B5 /* Debug */,
				02BF235818F19813002366B5 /* Release */,
			);
			defaultConfigurationIsVisible = 0;
		};
/* End XCConfigurationList section */
	};
	rootObject = 02BF231F18F19813002366B5 /* Project object */;
}
